
Microsoft Visual Studio Solution File, Format Version 12.00
# Visual Studio Version 17
VisualStudioVersion = 17.0.31903.59
MinimumVisualStudioVersion = 10.0.40219.1
Project("{2150E333-8FDC-42A3-9474-1A3956D46DE8}") = "src", "src", "{6F3CB8AF-5AF0-4028-96B3-23A905829092}"
EndProject
Project("{2150E333-8FDC-42A3-9474-1A3956D46DE8}") = "Çözüm Öğeleri", "Çözüm Öğeleri", "{7F22EAE1-9517-455D-9D7F-2D8A0C650F8D}"
	ProjectSection(SolutionItems) = preProject
		.gitignore = .gitignore
		ServiceUrls.txt = ServiceUrls.txt
	EndProjectSection
EndProject
Project("{2150E333-8FDC-42A3-9474-1A3956D46DE8}") = "ApiGateways", "ApiGateways", "{2192801E-DFDE-45FB-94FC-D799AC6FA9F7}"
EndProject
Project("{2150E333-8FDC-42A3-9474-1A3956D46DE8}") = "BuildingBlocks", "BuildingBlocks", "{CA6D2180-5DDB-45D3-BF48-BBD17175B29D}"
EndProject
Project("{2150E333-8FDC-42A3-9474-1A3956D46DE8}") = "Services", "Services", "{76CB12B8-EC94-4B7B-ACC5-9651969E6352}"
EndProject
Project("{2150E333-8FDC-42A3-9474-1A3956D46DE8}") = "Clients", "Clients", "{931441AF-2F11-43CD-A899-2FA6714B72BB}"
EndProject
Project("{2150E333-8FDC-42A3-9474-1A3956D46DE8}") = "WebApiGateway", "WebApiGateway", "{EC59B282-54DE-48C4-A86D-C8A0C724D9C5}"
EndProject
Project("{9A19103F-16F7-4668-BE54-9A1E7A4F7556}") = "Web.ApiGateway", "SellingBuddy\src\ApiGateways\WebApiGateway\Web.ApiGateway\Web.ApiGateway.csproj", "{483FAD43-BE88-4E18-AD97-ABD9A8D8514A}"
EndProject
Project("{2150E333-8FDC-42A3-9474-1A3956D46DE8}") = "EventBus", "EventBus", "{08EA3E1E-342D-4331-AEEE-3BEB21477EAA}"
EndProject
Project("{9A19103F-16F7-4668-BE54-9A1E7A4F7556}") = "EventBus.Base", "SellingBuddy\src\BuildingBlocks\EventBus\EventBus.Base\EventBus.Base.csproj", "{3499D754-9FF8-43AC-AFE8-3138DC344AF7}"
EndProject
Project("{9A19103F-16F7-4668-BE54-9A1E7A4F7556}") = "EventBus.Factory", "SellingBuddy\src\BuildingBlocks\EventBus\EventBus.Factory\EventBus.Factory.csproj", "{2790DAA1-04F5-4381-A329-2C1875A04F2F}"
EndProject
Project("{9A19103F-16F7-4668-BE54-9A1E7A4F7556}") = "EventBus.AzureServiceBus", "SellingBuddy\src\BuildingBlocks\EventBus\EventBus.AzureServiceBus\EventBus.AzureServiceBus.csproj", "{F372FB70-F1AE-4D69-A1C3-0C3985011382}"
EndProject
Project("{9A19103F-16F7-4668-BE54-9A1E7A4F7556}") = "EventBus.RabbitMQ", "SellingBuddy\src\BuildingBlocks\EventBus\EventBus.RabbitMQ\EventBus.RabbitMQ.csproj", "{86F6B5E2-A05E-4E4A-880F-777DED1A8D2E}"
EndProject
Project("{2150E333-8FDC-42A3-9474-1A3956D46DE8}") = "BlazorWebApp", "BlazorWebApp", "{1043BC88-FE6F-404A-AB12-5A927F5FED77}"
EndProject
Project("{9A19103F-16F7-4668-BE54-9A1E7A4F7556}") = "WebApp", "SellingBuddy\src\Clients\BlazorWebApp\WebApp\WebApp.csproj", "{87E3ABAB-749D-4DD5-B8E3-F6A47994E017}"
EndProject
Project("{2150E333-8FDC-42A3-9474-1A3956D46DE8}") = "BasketService", "BasketService", "{3057A0FF-5E03-44C7-907F-959333CB1E38}"
EndProject
Project("{9A19103F-16F7-4668-BE54-9A1E7A4F7556}") = "BasketService.Api", "SellingBuddy\src\Services\BasketService\BasketService.Api\BasketService.Api.csproj", "{296D3481-1831-47BF-8F14-2A81E2B3C7E9}"
EndProject
Project("{2150E333-8FDC-42A3-9474-1A3956D46DE8}") = "CatalogService", "CatalogService", "{2747600E-50F9-4CAC-A3A6-EB81DA40EBDD}"
EndProject
Project("{9A19103F-16F7-4668-BE54-9A1E7A4F7556}") = "CatalogService.Api", "SellingBuddy\src\Services\CatalogService\CatalogService.Api\CatalogService.Api.csproj", "{6B61DBD3-B0E3-4E98-865B-F6EF147F81F8}"
EndProject
Project("{2150E333-8FDC-42A3-9474-1A3956D46DE8}") = "IdentityService", "IdentityService", "{539ACE49-8A68-4134-83F5-E76BDE5859BA}"
EndProject
Project("{9A19103F-16F7-4668-BE54-9A1E7A4F7556}") = "IdentityService.Api", "SellingBuddy\src\Services\IdentityService\IdentityService.Api\IdentityService.Api.csproj", "{9B076972-6673-464D-9E98-982124CA3AF6}"
EndProject
Project("{2150E333-8FDC-42A3-9474-1A3956D46DE8}") = "NotificationService", "NotificationService", "{6BB1067A-D422-41C0-8D38-F1BA48E6F9D7}"
EndProject
Project("{9A19103F-16F7-4668-BE54-9A1E7A4F7556}") = "NotificationService", "SellingBuddy\src\Services\NotificationService\NotificationService\NotificationService.csproj", "{88F882F3-7373-4F7A-AD08-55BFDF9A8BF7}"
EndProject
Project("{2150E333-8FDC-42A3-9474-1A3956D46DE8}") = "OrderService", "OrderService", "{1EB3E01A-7454-404F-BA35-D42AA6B4F62B}"
EndProject
Project("{9A19103F-16F7-4668-BE54-9A1E7A4F7556}") = "OrderService.Domain", "SellingBuddy\src\Services\OrderService\OrderService.Domain\OrderService.Domain.csproj", "{00B00977-992B-4DDD-92F1-DEB7AAFF2931}"
EndProject
Project("{9A19103F-16F7-4668-BE54-9A1E7A4F7556}") = "OrderService.Application", "SellingBuddy\src\Services\OrderService\OrderService.Application\OrderService.Application.csproj", "{EA2F638C-27D5-4E44-889C-9812B9DB6A9A}"
EndProject
Project("{9A19103F-16F7-4668-BE54-9A1E7A4F7556}") = "OrderService.Infrastructure", "SellingBuddy\src\Services\OrderService\OrderService.Infrastructure\OrderService.Infrastructure.csproj", "{7ECF85E7-00E7-48A4-832E-1381A3B50A74}"
EndProject
Project("{9A19103F-16F7-4668-BE54-9A1E7A4F7556}") = "OrderService.Api", "SellingBuddy\src\Services\OrderService\OrderService.Api\OrderService.Api.csproj", "{FAB1DBB1-B29B-4F08-9831-B73485F6EC23}"
EndProject
Project("{2150E333-8FDC-42A3-9474-1A3956D46DE8}") = "PaymentService", "PaymentService", "{C721A99E-3C2E-42DF-9F0C-D0034A906FA4}"
EndProject
Project("{9A19103F-16F7-4668-BE54-9A1E7A4F7556}") = "PaymentService.Api", "SellingBuddy\src\Services\PaymentService\PaymentService.Api\PaymentService.Api.csproj", "{35889E67-BCC7-478E-B49A-F7E0A87DCA81}"
EndProject
Global
	GlobalSection(SolutionConfigurationPlatforms) = preSolution
		Debug|Any CPU = Debug|Any CPU
		Release|Any CPU = Release|Any CPU
	EndGlobalSection
	GlobalSection(ProjectConfigurationPlatforms) = postSolution
		{483FAD43-BE88-4E18-AD97-ABD9A8D8514A}.Debug|Any CPU.ActiveCfg = Debug|Any CPU
		{483FAD43-BE88-4E18-AD97-ABD9A8D8514A}.Debug|Any CPU.Build.0 = Debug|Any CPU
		{483FAD43-BE88-4E18-AD97-ABD9A8D8514A}.Release|Any CPU.ActiveCfg = Release|Any CPU
		{483FAD43-BE88-4E18-AD97-ABD9A8D8514A}.Release|Any CPU.Build.0 = Release|Any CPU
		{3499D754-9FF8-43AC-AFE8-3138DC344AF7}.Debug|Any CPU.ActiveCfg = Debug|Any CPU
		{3499D754-9FF8-43AC-AFE8-3138DC344AF7}.Debug|Any CPU.Build.0 = Debug|Any CPU
		{3499D754-9FF8-43AC-AFE8-3138DC344AF7}.Release|Any CPU.ActiveCfg = Release|Any CPU
		{3499D754-9FF8-43AC-AFE8-3138DC344AF7}.Release|Any CPU.Build.0 = Release|Any CPU
		{2790DAA1-04F5-4381-A329-2C1875A04F2F}.Debug|Any CPU.ActiveCfg = Debug|Any CPU
		{2790DAA1-04F5-4381-A329-2C1875A04F2F}.Debug|Any CPU.Build.0 = Debug|Any CPU
		{2790DAA1-04F5-4381-A329-2C1875A04F2F}.Release|Any CPU.ActiveCfg = Release|Any CPU
		{2790DAA1-04F5-4381-A329-2C1875A04F2F}.Release|Any CPU.Build.0 = Release|Any CPU
		{F372FB70-F1AE-4D69-A1C3-0C3985011382}.Debug|Any CPU.ActiveCfg = Debug|Any CPU
		{F372FB70-F1AE-4D69-A1C3-0C3985011382}.Debug|Any CPU.Build.0 = Debug|Any CPU
		{F372FB70-F1AE-4D69-A1C3-0C3985011382}.Release|Any CPU.ActiveCfg = Release|Any CPU
		{F372FB70-F1AE-4D69-A1C3-0C3985011382}.Release|Any CPU.Build.0 = Release|Any CPU
		{86F6B5E2-A05E-4E4A-880F-777DED1A8D2E}.Debug|Any CPU.ActiveCfg = Debug|Any CPU
		{86F6B5E2-A05E-4E4A-880F-777DED1A8D2E}.Debug|Any CPU.Build.0 = Debug|Any CPU
		{86F6B5E2-A05E-4E4A-880F-777DED1A8D2E}.Release|Any CPU.ActiveCfg = Release|Any CPU
		{86F6B5E2-A05E-4E4A-880F-777DED1A8D2E}.Release|Any CPU.Build.0 = Release|Any CPU
		{87E3ABAB-749D-4DD5-B8E3-F6A47994E017}.Debug|Any CPU.ActiveCfg = Debug|Any CPU
		{87E3ABAB-749D-4DD5-B8E3-F6A47994E017}.Debug|Any CPU.Build.0 = Debug|Any CPU
		{87E3ABAB-749D-4DD5-B8E3-F6A47994E017}.Release|Any CPU.ActiveCfg = Release|Any CPU
		{87E3ABAB-749D-4DD5-B8E3-F6A47994E017}.Release|Any CPU.Build.0 = Release|Any CPU
		{296D3481-1831-47BF-8F14-2A81E2B3C7E9}.Debug|Any CPU.ActiveCfg = Debug|Any CPU
		{296D3481-1831-47BF-8F14-2A81E2B3C7E9}.Debug|Any CPU.Build.0 = Debug|Any CPU
		{296D3481-1831-47BF-8F14-2A81E2B3C7E9}.Release|Any CPU.ActiveCfg = Release|Any CPU
		{296D3481-1831-47BF-8F14-2A81E2B3C7E9}.Release|Any CPU.Build.0 = Release|Any CPU
		{6B61DBD3-B0E3-4E98-865B-F6EF147F81F8}.Debug|Any CPU.ActiveCfg = Debug|Any CPU
		{6B61DBD3-B0E3-4E98-865B-F6EF147F81F8}.Debug|Any CPU.Build.0 = Debug|Any CPU
		{6B61DBD3-B0E3-4E98-865B-F6EF147F81F8}.Release|Any CPU.ActiveCfg = Release|Any CPU
		{6B61DBD3-B0E3-4E98-865B-F6EF147F81F8}.Release|Any CPU.Build.0 = Release|Any CPU
		{9B076972-6673-464D-9E98-982124CA3AF6}.Debug|Any CPU.ActiveCfg = Debug|Any CPU
		{9B076972-6673-464D-9E98-982124CA3AF6}.Debug|Any CPU.Build.0 = Debug|Any CPU
		{9B076972-6673-464D-9E98-982124CA3AF6}.Release|Any CPU.ActiveCfg = Release|Any CPU
		{9B076972-6673-464D-9E98-982124CA3AF6}.Release|Any CPU.Build.0 = Release|Any CPU
		{88F882F3-7373-4F7A-AD08-55BFDF9A8BF7}.Debug|Any CPU.ActiveCfg = Debug|Any CPU
		{88F882F3-7373-4F7A-AD08-55BFDF9A8BF7}.Debug|Any CPU.Build.0 = Debug|Any CPU
		{88F882F3-7373-4F7A-AD08-55BFDF9A8BF7}.Release|Any CPU.ActiveCfg = Release|Any CPU
		{88F882F3-7373-4F7A-AD08-55BFDF9A8BF7}.Release|Any CPU.Build.0 = Release|Any CPU
		{00B00977-992B-4DDD-92F1-DEB7AAFF2931}.Debug|Any CPU.ActiveCfg = Debug|Any CPU
		{00B00977-992B-4DDD-92F1-DEB7AAFF2931}.Debug|Any CPU.Build.0 = Debug|Any CPU
		{00B00977-992B-4DDD-92F1-DEB7AAFF2931}.Release|Any CPU.ActiveCfg = Release|Any CPU
		{00B00977-992B-4DDD-92F1-DEB7AAFF2931}.Release|Any CPU.Build.0 = Release|Any CPU
		{EA2F638C-27D5-4E44-889C-9812B9DB6A9A}.Debug|Any CPU.ActiveCfg = Debug|Any CPU
		{EA2F638C-27D5-4E44-889C-9812B9DB6A9A}.Debug|Any CPU.Build.0 = Debug|Any CPU
		{EA2F638C-27D5-4E44-889C-9812B9DB6A9A}.Release|Any CPU.ActiveCfg = Release|Any CPU
		{EA2F638C-27D5-4E44-889C-9812B9DB6A9A}.Release|Any CPU.Build.0 = Release|Any CPU
		{7ECF85E7-00E7-48A4-832E-1381A3B50A74}.Debug|Any CPU.ActiveCfg = Debug|Any CPU
		{7ECF85E7-00E7-48A4-832E-1381A3B50A74}.Debug|Any CPU.Build.0 = Debug|Any CPU
		{7ECF85E7-00E7-48A4-832E-1381A3B50A74}.Release|Any CPU.ActiveCfg = Release|Any CPU
		{7ECF85E7-00E7-48A4-832E-1381A3B50A74}.Release|Any CPU.Build.0 = Release|Any CPU
		{FAB1DBB1-B29B-4F08-9831-B73485F6EC23}.Debug|Any CPU.ActiveCfg = Debug|Any CPU
		{FAB1DBB1-B29B-4F08-9831-B73485F6EC23}.Debug|Any CPU.Build.0 = Debug|Any CPU
		{FAB1DBB1-B29B-4F08-9831-B73485F6EC23}.Release|Any CPU.ActiveCfg = Release|Any CPU
		{FAB1DBB1-B29B-4F08-9831-B73485F6EC23}.Release|Any CPU.Build.0 = Release|Any CPU
		{35889E67-BCC7-478E-B49A-F7E0A87DCA81}.Debug|Any CPU.ActiveCfg = Debug|Any CPU
		{35889E67-BCC7-478E-B49A-F7E0A87DCA81}.Debug|Any CPU.Build.0 = Debug|Any CPU
		{35889E67-BCC7-478E-B49A-F7E0A87DCA81}.Release|Any CPU.ActiveCfg = Release|Any CPU
		{35889E67-BCC7-478E-B49A-F7E0A87DCA81}.Release|Any CPU.Build.0 = Release|Any CPU
	EndGlobalSection
	GlobalSection(SolutionProperties) = preSolution
		HideSolutionNode = FALSE
	EndGlobalSection
	GlobalSection(NestedProjects) = preSolution
		{2192801E-DFDE-45FB-94FC-D799AC6FA9F7} = {6F3CB8AF-5AF0-4028-96B3-23A905829092}
		{CA6D2180-5DDB-45D3-BF48-BBD17175B29D} = {6F3CB8AF-5AF0-4028-96B3-23A905829092}
		{76CB12B8-EC94-4B7B-ACC5-9651969E6352} = {6F3CB8AF-5AF0-4028-96B3-23A905829092}
		{931441AF-2F11-43CD-A899-2FA6714B72BB} = {6F3CB8AF-5AF0-4028-96B3-23A905829092}
		{EC59B282-54DE-48C4-A86D-C8A0C724D9C5} = {2192801E-DFDE-45FB-94FC-D799AC6FA9F7}
		{483FAD43-BE88-4E18-AD97-ABD9A8D8514A} = {EC59B282-54DE-48C4-A86D-C8A0C724D9C5}
		{08EA3E1E-342D-4331-AEEE-3BEB21477EAA} = {CA6D2180-5DDB-45D3-BF48-BBD17175B29D}
		{3499D754-9FF8-43AC-AFE8-3138DC344AF7} = {08EA3E1E-342D-4331-AEEE-3BEB21477EAA}
		{2790DAA1-04F5-4381-A329-2C1875A04F2F} = {08EA3E1E-342D-4331-AEEE-3BEB21477EAA}
		{F372FB70-F1AE-4D69-A1C3-0C3985011382} = {08EA3E1E-342D-4331-AEEE-3BEB21477EAA}
		{86F6B5E2-A05E-4E4A-880F-777DED1A8D2E} = {08EA3E1E-342D-4331-AEEE-3BEB21477EAA}
		{1043BC88-FE6F-404A-AB12-5A927F5FED77} = {931441AF-2F11-43CD-A899-2FA6714B72BB}
		{87E3ABAB-749D-4DD5-B8E3-F6A47994E017} = {1043BC88-FE6F-404A-AB12-5A927F5FED77}
		{3057A0FF-5E03-44C7-907F-959333CB1E38} = {76CB12B8-EC94-4B7B-ACC5-9651969E6352}
		{296D3481-1831-47BF-8F14-2A81E2B3C7E9} = {3057A0FF-5E03-44C7-907F-959333CB1E38}
		{2747600E-50F9-4CAC-A3A6-EB81DA40EBDD} = {76CB12B8-EC94-4B7B-ACC5-9651969E6352}
		{6B61DBD3-B0E3-4E98-865B-F6EF147F81F8} = {2747600E-50F9-4CAC-A3A6-EB81DA40EBDD}
		{539ACE49-8A68-4134-83F5-E76BDE5859BA} = {76CB12B8-EC94-4B7B-ACC5-9651969E6352}
		{9B076972-6673-464D-9E98-982124CA3AF6} = {539ACE49-8A68-4134-83F5-E76BDE5859BA}
		{6BB1067A-D422-41C0-8D38-F1BA48E6F9D7} = {76CB12B8-EC94-4B7B-ACC5-9651969E6352}
		{88F882F3-7373-4F7A-AD08-55BFDF9A8BF7} = {6BB1067A-D422-41C0-8D38-F1BA48E6F9D7}
		{1EB3E01A-7454-404F-BA35-D42AA6B4F62B} = {76CB12B8-EC94-4B7B-ACC5-9651969E6352}
		{00B00977-992B-4DDD-92F1-DEB7AAFF2931} = {1EB3E01A-7454-404F-BA35-D42AA6B4F62B}
		{EA2F638C-27D5-4E44-889C-9812B9DB6A9A} = {1EB3E01A-7454-404F-BA35-D42AA6B4F62B}
		{7ECF85E7-00E7-48A4-832E-1381A3B50A74} = {1EB3E01A-7454-404F-BA35-D42AA6B4F62B}
		{FAB1DBB1-B29B-4F08-9831-B73485F6EC23} = {1EB3E01A-7454-404F-BA35-D42AA6B4F62B}
		{C721A99E-3C2E-42DF-9F0C-D0034A906FA4} = {76CB12B8-EC94-4B7B-ACC5-9651969E6352}
		{35889E67-BCC7-478E-B49A-F7E0A87DCA81} = {C721A99E-3C2E-42DF-9F0C-D0034A906FA4}
	EndGlobalSection
	GlobalSection(ExtensibilityGlobals) = postSolution
		SolutionGuid = {2DE33CC0-88FF-4F72-8309-C3BA98D17271}
	EndGlobalSection
EndGlobal
